<?xml version="1.0" encoding="utf-8"?>
<Project ToolsVersion="4.0" xmlns="http://schemas.microsoft.com/developer/msbuild/2003">
  <ItemGroup>
    <Filter Include="Source Files">
      <UniqueIdentifier>{4FC737F1-C7A5-4376-A066-2A32D752A2FF}</UniqueIdentifier>
      <Extensions>cpp;c;cc;cxx;c++;cppm;ixx;def;odl;idl;hpj;bat;asm;asmx</Extensions>
    </Filter>
    <Filter Include="Header Files">
      <UniqueIdentifier>{93995380-89BD-4b04-88EB-625FBE52EBFB}</UniqueIdentifier>
      <Extensions>h;hh;hpp;hxx;h++;hm;inl;inc;ipp;xsd</Extensions>
    </Filter>
    <Filter Include="Resource Files">
      <UniqueIdentifier>{67DA6AB6-F800-4c08-8B7A-83BB121AAD01}</UniqueIdentifier>
      <Extensions>rc;ico;cur;bmp;dlg;rc2;rct;bin;rgs;gif;jpg;jpeg;jpe;resx;tiff;tif;png;wav;mfcribbon-ms</Extensions>
    </Filter>
  </ItemGroup>
  <ItemGroup>
    <ClCompile Include="src\StarTrackerMain.cpp">
      <Filter>Source Files</Filter>
    </ClCompile>
    <ClCompile Include="src\Utils\Serial\Serial.cpp">
      <Filter>Source Files</Filter>
    </ClCompile>
    <ClCompile Include="src\Utils\HttpRequest.cpp">
      <Filter>Source Files</Filter>
    </ClCompile>
    <ClCompile Include="src\Utils\GeoLocation.cpp">
      <Filter>Source Files</Filter>
    </ClCompile>
    <ClCompile Include="src\Utils\Stopwatch.cpp">
      <Filter>Source Files</Filter>
    </ClCompile>
    <ClCompile Include="src\Utils\Serial\Package.cpp">
      <Filter>Source Files</Filter>
    </ClCompile>
    <ClCompile Include="src\Core\Window.cpp">
      <Filter>Source Files</Filter>
    </ClCompile>
    <ClCompile Include="src\Core\Application.cpp">
      <Filter>Source Files</Filter>
    </ClCompile>
    <ClCompile Include="src\Core\View.cpp">
      <Filter>Source Files</Filter>
    </ClCompile>
    <ClCompile Include="src\Core\UIView.cpp">
      <Filter>Source Files</Filter>
    </ClCompile>
    <ClCompile Include="src\StarTrackerApplication.cpp">
      <Filter>Source Files</Filter>
    </ClCompile>
    <ClCompile Include="src\TrackableBodyView.cpp">
      <Filter>Source Files</Filter>
    </ClCompile>
    <ClCompile Include="src\ExperimentalView.cpp">
      <Filter>Source Files</Filter>
    </ClCompile>
    <ClCompile Include="src\Core\Tracker.cpp">
      <Filter>Source Files</Filter>
    </ClCompile>
    <ClCompile Include="src\Core\Input.cpp">
      <Filter>Source Files</Filter>
    </ClCompile>
    <ClCompile Include="src\Core\InputCode.cpp">
      <Filter>Source Files</Filter>
    </ClCompile>
    <ClCompile Include="src\Core\Events\Event.cpp">
      <Filter>Source Files</Filter>
    </ClCompile>
    <ClCompile Include="src\Core\Events\EventDispatcher.cpp">
      <Filter>Source Files</Filter>
    </ClCompile>
    <ClCompile Include="src\Core\Events\WindowResizeEvent.cpp">
      <Filter>Source Files</Filter>
    </ClCompile>
    <ClCompile Include="src\Core\Events\MouseMoveEvent.cpp">
      <Filter>Source Files</Filter>
    </ClCompile>
    <ClCompile Include="src\Core\Events\KeyEvent.cpp">
      <Filter>Source Files</Filter>
    </ClCompile>
    <ClCompile Include="src\Core\OpenGL\BufferLayout.cpp">
      <Filter>Source Files</Filter>
    </ClCompile>
    <ClCompile Include="src\Core\OpenGL\VertexBuffer.cpp">
      <Filter>Source Files</Filter>
    </ClCompile>
    <ClCompile Include="src\Core\OpenGL\IndexBuffer.cpp">
      <Filter>Source Files</Filter>
    </ClCompile>
    <ClCompile Include="src\Core\OpenGL\VertexArray.cpp">
      <Filter>Source Files</Filter>
    </ClCompile>
    <ClCompile Include="src\Core\OpenGL\Shader.cpp">
      <Filter>Source Files</Filter>
    </ClCompile>
    <ClCompile Include="src\Utils\File.cpp">
      <Filter>Source Files</Filter>
    </ClCompile>
    <ClCompile Include="src\Core\ImageProcessing\Image.cpp">
      <Filter>Source Files</Filter>
    </ClCompile>
  </ItemGroup>
  <ItemGroup>
    <ClInclude Include="src\Utils\Serial\Package.hpp">
      <Filter>Header Files</Filter>
    </ClInclude>
    <ClInclude Include="src\Utils\Serial\Serial.hpp">
      <Filter>Header Files</Filter>
    </ClInclude>
    <ClInclude Include="src\Core\Core.hpp">
      <Filter>Header Files</Filter>
    </ClInclude>
    <ClInclude Include="src\Utils\HttpRequest.hpp">
      <Filter>Header Files</Filter>
    </ClInclude>
    <ClInclude Include="src\Utils\GeoLocation.hpp">
      <Filter>Header Files</Filter>
    </ClInclude>
    <ClInclude Include="src\Core\Algorithm\ImageManip.hpp">
      <Filter>Header Files</Filter>
    </ClInclude>
    <ClInclude Include="src\Utils\Stopwatch.hpp">
      <Filter>Header Files</Filter>
    </ClInclude>
    <ClInclude Include="src\Core\Assert.hpp">
      <Filter>Header Files</Filter>
    </ClInclude>
    <ClInclude Include="src\Core\Window.hpp">
      <Filter>Header Files</Filter>
    </ClInclude>
    <ClInclude Include="src\Core\Application.hpp">
      <Filter>Header Files</Filter>
    </ClInclude>
    <ClInclude Include="src\Core\View.hpp">
      <Filter>Header Files</Filter>
    </ClInclude>
    <ClInclude Include="src\Core\UIView.hpp">
      <Filter>Header Files</Filter>
    </ClInclude>
    <ClInclude Include="src\StarTrackerApplication.hpp">
      <Filter>Header Files</Filter>
    </ClInclude>
    <ClInclude Include="src\TrackableBodyView.hpp">
      <Filter>Header Files</Filter>
    </ClInclude>
    <ClInclude Include="src\ExperimentalView.hpp">
      <Filter>Header Files</Filter>
    </ClInclude>
    <ClInclude Include="src\Core\Tracker.hpp">
      <Filter>Header Files</Filter>
    </ClInclude>
    <ClInclude Include="src\Core\Input.hpp">
      <Filter>Header Files</Filter>
    </ClInclude>
    <ClInclude Include="src\Core\InputCode.hpp">
      <Filter>Header Files</Filter>
    </ClInclude>
    <ClInclude Include="src\Core\Events\Event.hpp">
      <Filter>Header Files</Filter>
    </ClInclude>
    <ClInclude Include="src\Core\Events\EventDispatcher.hpp">
      <Filter>Header Files</Filter>
    </ClInclude>
    <ClInclude Include="src\Core\Events\WindowResizeEvent.hpp">
      <Filter>Header Files</Filter>
    </ClInclude>
    <ClInclude Include="src\Core\Events\MouseMoveEvent.hpp">
      <Filter>Header Files</Filter>
    </ClInclude>
    <ClInclude Include="src\Core\Events\KeyEvent.hpp">
      <Filter>Header Files</Filter>
    </ClInclude>
    <ClInclude Include="src\Core\OpenGL\BufferLayout.hpp">
      <Filter>Header Files</Filter>
    </ClInclude>
    <ClInclude Include="src\Core\OpenGL\VertexBuffer.hpp">
      <Filter>Header Files</Filter>
    </ClInclude>
    <ClInclude Include="src\Core\OpenGL\IndexBuffer.hpp">
      <Filter>Header Files</Filter>
    </ClInclude>
    <ClInclude Include="src\Core\OpenGL\VertexArray.hpp">
      <Filter>Header Files</Filter>
    </ClInclude>
    <ClInclude Include="src\Core\OpenGL\Shader.hpp">
      <Filter>Header Files</Filter>
    </ClInclude>
    <ClInclude Include="src\Utils\File.hpp">
      <Filter>Header Files</Filter>
    </ClInclude>
    <ClInclude Include="src\Core\ImageProcessing\Image.hpp">
      <Filter>Header Files</Filter>
    </ClInclude>
  </ItemGroup>
  <ItemGroup>
    <None Include="assets\ephemeris\CelestialBodies.json" />
    <None Include="assets\shaders\defaultVertex.glsl" />
    <None Include="assets\shaders\defaultFragment.glsl" />
  </ItemGroup>
  <ItemGroup>
    <Font Include="assets\fonts\SFNSDisplay-Bold.ttf" />
    <Font Include="assets\fonts\SFNSDisplay-Heavy.ttf" />
    <Font Include="assets\fonts\SFNSDisplay-Light.ttf" />
    <Font Include="assets\fonts\SFNSDisplay-Semibold.ttf" />
    <Font Include="assets\fonts\SFNSDisplay-Thin.ttf" />
    <Font Include="assets\fonts\SFNSText-RegularItalic.ttf" />
    <Font Include="assets\fonts\SFNSDisplay-Regular.ttf" />
    <Font Include="assets\fonts\SFNSDisplay-Medium.ttf" />
  </ItemGroup>
</Project>