<?xml version="1.0" encoding="utf-8"?>
<Project ToolsVersion="4.0" xmlns="http://schemas.microsoft.com/developer/msbuild/2003">
  <ItemGroup>
    <Filter Include="Source Files">
      <UniqueIdentifier>{4FC737F1-C7A5-4376-A066-2A32D752A2FF}</UniqueIdentifier>
      <Extensions>cpp;c;cc;cxx;c++;cppm;ixx;def;odl;idl;hpj;bat;asm;asmx</Extensions>
    </Filter>
    <Filter Include="Header Files">
      <UniqueIdentifier>{93995380-89BD-4b04-88EB-625FBE52EBFB}</UniqueIdentifier>
      <Extensions>h;hh;hpp;hxx;h++;hm;inl;inc;ipp;xsd</Extensions>
    </Filter>
    <Filter Include="Resource Files">
      <UniqueIdentifier>{67DA6AB6-F800-4c08-8B7A-83BB121AAD01}</UniqueIdentifier>
      <Extensions>rc;ico;cur;bmp;dlg;rc2;rct;bin;rgs;gif;jpg;jpeg;jpe;resx;tiff;tif;png;wav;mfcribbon-ms</Extensions>
    </Filter>
  </ItemGroup>
  <ItemGroup>
    <ClInclude Include="StarAPI\StarAPI.hpp">
      <Filter>Header Files</Filter>
    </ClInclude>
    <ClInclude Include="StarAPI\DateTime.hpp">
      <Filter>Header Files</Filter>
    </ClInclude>
    <ClInclude Include="StarAPI\Math.hpp">
      <Filter>Header Files</Filter>
    </ClInclude>
    <ClInclude Include="StarAPI\ephemeris\coordinates\Horizontal.hpp">
      <Filter>Header Files</Filter>
    </ClInclude>
    <ClInclude Include="StarAPI\ephemeris\coordinates\Rectangular.hpp">
      <Filter>Header Files</Filter>
    </ClInclude>
    <ClInclude Include="StarAPI\ephemeris\coordinates\Spherical.hpp">
      <Filter>Header Files</Filter>
    </ClInclude>
    <ClInclude Include="StarAPI\ephemeris\coordinates\Terrestrial.hpp">
      <Filter>Header Files</Filter>
    </ClInclude>
    <ClInclude Include="StarAPI\ephemeris\coordinates\Transform.hpp">
      <Filter>Header Files</Filter>
    </ClInclude>
    <ClInclude Include="StarAPI\ephemeris\KeplerianElements.hpp">
      <Filter>Header Files</Filter>
    </ClInclude>
    <ClInclude Include="StarAPI\ephemeris\CelestialBody.hpp">
      <Filter>Header Files</Filter>
    </ClInclude>
  </ItemGroup>
  <ItemGroup>
    <ClCompile Include="StarAPI\ephemeris\coordinates\Transform.cpp">
      <Filter>Source Files</Filter>
    </ClCompile>
    <ClCompile Include="StarAPI\ephemeris\coordinates\Horizontal.cpp">
      <Filter>Source Files</Filter>
    </ClCompile>
    <ClCompile Include="StarAPI\ephemeris\coordinates\Rectangular.cpp">
      <Filter>Source Files</Filter>
    </ClCompile>
    <ClCompile Include="StarAPI\ephemeris\coordinates\Spherical.cpp">
      <Filter>Source Files</Filter>
    </ClCompile>
    <ClCompile Include="StarAPI\ephemeris\coordinates\Terrestrial.cpp">
      <Filter>Source Files</Filter>
    </ClCompile>
    <ClCompile Include="StarAPI\DateTime.cpp">
      <Filter>Source Files</Filter>
    </ClCompile>
    <ClCompile Include="StarAPI\Math.cpp">
      <Filter>Source Files</Filter>
    </ClCompile>
    <ClCompile Include="StarAPI\ephemeris\KeplerianElements.cpp">
      <Filter>Source Files</Filter>
    </ClCompile>
    <ClCompile Include="StarAPI\ephemeris\CelestialBody.cpp">
      <Filter>Source Files</Filter>
    </ClCompile>
  </ItemGroup>
</Project>